{
  "name": "netlify-functions",
  "version": "1.0.0",
  "lockfileVersion": 3,
  "requires": true,
  "packages": {
    "": {
      "name": "netlify-functions",
      "version": "1.0.0",
      "dependencies": {
        "@netlify/functions": "^2.8.1",
        "bcrypt": "^6.0.0",
        "zod": "^4.1.12"
      }
    },
    "node_modules/@netlify/functions": {
      "version": "2.8.2",
      "resolved": "https://registry.npmjs.org/@netlify/functions/-/functions-2.8.2.tgz",
      "integrity": "sha512-DeoAQh8LuNPvBE4qsKlezjKj0PyXDryOFJfJKo3Z1qZLKzQ21sT314KQKPVjfvw6knqijj+IO+0kHXy/TJiqNA==",
      "license": "MIT",
      "dependencies": {
        "@netlify/serverless-functions-api": "1.26.1"
      },
      "engines": {
        "node": ">=14.0.0"
      }
    },
    "node_modules/@netlify/node-cookies": {
      "version": "0.1.0",
      "resolved": "https://registry.npmjs.org/@netlify/node-cookies/-/node-cookies-0.1.0.tgz",
      "integrity": "sha512-OAs1xG+FfLX0LoRASpqzVntVV/RpYkgpI0VrUnw2u0Q1qiZUzcPffxRK8HF3gc4GjuhG5ahOEMJ9bswBiZPq0g==",
      "license": "MIT",
      "engines": {
        "node": "^14.16.0 || >=16.0.0"
      }
    },
    "node_modules/@netlify/serverless-functions-api": {
      "version": "1.26.1",
      "resolved": "https://registry.npmjs.org/@netlify/serverless-functions-api/-/serverless-functions-api-1.26.1.tgz",
      "integrity": "sha512-q3L9i3HoNfz0SGpTIS4zTcKBbRkxzCRpd169eyiTuk3IwcPC3/85mzLHranlKo2b+HYT0gu37YxGB45aD8A3Tw==",
      "license": "MIT",
      "dependencies": {
        "@netlify/node-cookies": "^0.1.0",
        "urlpattern-polyfill": "8.0.2"
      },
      "engines": {
        "node": ">=18.0.0"
      }
    },
    "node_modules/bcrypt": {
      "version": "6.0.0",
      "resolved": "https://registry.npmjs.org/bcrypt/-/bcrypt-6.0.0.tgz",
      "integrity": "sha512-cU8v/EGSrnH+HnxV2z0J7/blxH8gq7Xh2JFT6Aroax7UohdmiJJlxApMxtKfuI7z68NvvVcmR78k2LbT6efhRg==",
      "hasInstallScript": true,
      "license": "MIT",
      "dependencies": {
        "node-addon-api": "^8.3.0",
        "node-gyp-build": "^4.8.4"
      },
      "engines": {
        "node": ">= 18"
      }
    },
    "node_modules/node-addon-api": {
      "version": "8.5.0",
      "resolved": "https://registry.npmjs.org/node-addon-api/-/node-addon-api-8.5.0.tgz",
      "integrity": "sha512-/bRZty2mXUIFY/xU5HLvveNHlswNJej+RnxBjOMkidWfwZzgTbPG1E3K5TOxRLOR+5hX7bSofy8yf1hZevMS8A==",
      "license": "MIT",
      "engines": {
        "node": "^18 || ^20 || >= 21"
      }
    },
    "node_modules/node-gyp-build": {
      "version": "4.8.4",
      "resolved": "https://registry.npmjs.org/node-gyp-build/-/node-gyp-build-4.8.4.tgz",
      "integrity": "sha512-LA4ZjwlnUblHVgq0oBF3Jl/6h/Nvs5fzBLwdEF4nuxnFdsfajde4WfxtJr3CaiH+F6ewcIB/q4jQ4UzPyid+CQ==",
      "license": "MIT",
      "bin": {
        "node-gyp-build": "bin.js",
        "node-gyp-build-optional": "optional.js",
        "node-gyp-build-test": "build-test.js"
      }
    },
    "node_modules/urlpattern-polyfill": {
      "version": "8.0.2",
      "resolved": "https://registry.npmjs.org/urlpattern-polyfill/-/urlpattern-polyfill-8.0.2.tgz",
      "integrity": "sha512-Qp95D4TPJl1kC9SKigDcqgyM2VDVO4RiJc2d4qe5GrYm+zbIQCWWKAFaJNQ4BhdFeDGwBmAxqJBwWSJDb9T3BQ==",
      "license": "MIT"
    },
    "node_modules/zod": {
      "version": "4.1.12",
      "resolved": "https://registry.npmjs.org/zod/-/zod-4.1.12.tgz",
      "integrity": "sha512-JInaHOamG8pt5+Ey8kGmdcAcg3OL9reK8ltczgHTAwNhMys/6ThXHityHxVV2p3fkw/c+MAvBHFVYHFZDmjMCQ==",
      "license": "MIT",
      "funding": {
        "url": "https://github.com/sponsors/colinhacks"
      }
    }
  }
}
